{
	"name": "@charjkl/browser-std",
	"version": "1.0.0",
	"lockfileVersion": 3,
	"requires": true,
	"packages": {
		"": {
			"name": "@charjkl/browser-std",
			"version": "1.0.0",
			"devDependencies": {
				"@types/firefox-webext-browser": "^120.0.4",
				"clear-directory": "^1.0.7",
				"typescript": "^5.6.2"
			}
		},
		"node_modules/@types/firefox-webext-browser": {
			"version": "120.0.4",
			"resolved": "https://registry.npmjs.org/@types/firefox-webext-browser/-/firefox-webext-browser-120.0.4.tgz",
			"integrity": "sha512-lBrpf08xhiZBigrtdQfUaqX1UauwZ+skbFiL8u2Tdra/rklkKadYmIzTwkNZSWtuZ7OKpFqbE2HHfDoFqvZf6w==",
			"dev": true
		},
		"node_modules/clear-directory": {
			"version": "1.0.7",
			"resolved": "https://registry.npmjs.org/clear-directory/-/clear-directory-1.0.7.tgz",
			"integrity": "sha512-6R78QtO8NkaBlRJjh7fq3WXN3U9MFwfH/HTz2HB1nBN0o0ZLZQFq8Z7MFwWqNmdDP9jzJsoTAG8i9vgRjfFYug==",
			"dev": true,
			"bin": {
				"cdir": "index.js"
			}
		},
		"node_modules/typescript": {
			"version": "5.6.2",
			"resolved": "https://registry.npmjs.org/typescript/-/typescript-5.6.2.tgz",
			"integrity": "sha512-NW8ByodCSNCwZeghjN3o+JX5OFH0Ojg6sadjEKY4huZ52TqbJTJnDo5+Tw98lSy63NZvi4n+ez5m2u5d4PkZyw==",
			"dev": true,
			"bin": {
				"tsc": "bin/tsc",
				"tsserver": "bin/tsserver"
			},
			"engines": {
				"node": ">=14.17"
			}
		}
	}
}
